
Microsoft Visual Studio Solution File, Format Version 12.00
# Visual Studio 2012
Project("{FAE04EC0-301F-11D3-BF4B-00C04F79EFBC}") = "Banco_de_Proyectos", "Banco_de_Proyectos\Banco_de_Proyectos.csproj", "{b9bec5e7-7880-4e4f-a664-2905580ff9ab}"
EndProject
Global
	GlobalSection(SolutionConfigurationPlatforms) = preSolution
		Debug|Any CPU = Debug|Any CPU
		Release|Any CPU = Release|Any CPU
	EndGlobalSection
	GlobalSection(ProjectConfigurationPlatforms) = postSolution
		{B9BEC5E7-7880-4E4F-A664-2905580FF9AB}.Debug|Any CPU.ActiveCfg = Debug|Any CPU
		{B9BEC5E7-7880-4E4F-A664-2905580FF9AB}.Debug|Any CPU.Build.0 = Debug|Any CPU
		{B9BEC5E7-7880-4E4F-A664-2905580FF9AB}.Release|Any CPU.ActiveCfg = Release|Any CPU
		{B9BEC5E7-7880-4E4F-A664-2905580FF9AB}.Release|Any CPU.Build.0 = Release|Any CPU
	EndGlobalSection
EndGlobal
